# This file is automatically @generated by Cargo.
# It is not intended for manual editing.
version = 4

[[package]]
name = "poprako-orchestra"
version = "0.6.0"
source = "registry+https://github.com/rust-lang/crates.io-index"
checksum = "b51fbc48f58a5c8c49f3be5f00f6babc594edc99453dfcdfbf9ff87b725ef75d"

[[package]]
name = "poprako-orchestra-extra"
version = "0.3.0"
dependencies = [
 "poprako-orchestra",
]
