# This file is automatically @generated by Cargo.
# It is not intended for manual editing.
version = 4

[[package]]
name = "poprako-orchestra"
version = "0.2.0"
source = "registry+https://github.com/rust-lang/crates.io-index"
checksum = "9f5f2cfe68ca8b70bbbe4cb4e17fa1cd45a58ba97d94bf1a50519e03d418f7db"

[[package]]
name = "poprako-orchestra-extra"
version = "0.2.0"
dependencies = [
 "poprako-orchestra",
]
